// !$*UTF8*$!
{
	archiveVersion = 1;
	classes = {
	};
	objectVersion = 46;
	objects = {

/* Begin PBXBuildFile section */
		58075F4F1F73B53B00CBF79F /* main.m in Sources */ = {isa = PBXBuildFile; fileRef = 58075F4E1F73B53B00CBF79F /* main.m */; };
		58075F521F73B53B00CBF79F /* AppDelegate.m in Sources */ = {isa = PBXBuildFile; fileRef = 58075F511F73B53B00CBF79F /* AppDelegate.m */; };
		58075F551F73B53B00CBF79F /* ViewController.m in Sources */ = {isa = PBXBuildFile; fileRef = 58075F541F73B53B00CBF79F /* ViewController.m */; };
		58075F581F73B53B00CBF79F /* Main.storyboard in Resources */ = {isa = PBXBuildFile; fileRef = 58075F561F73B53B00CBF79F /* Main.storyboard */; };
		58075F5A1F73B53B00CBF79F /* Assets.xcassets in Resources */ = {isa = PBXBuildFile; fileRef = 58075F591F73B53B00CBF79F /* Assets.xcassets */; };
		58075F5D1F73B53B00CBF79F /* LaunchScreen.storyboard in Resources */ = {isa = PBXBuildFile; fileRef = 58075F5B1F73B53B00CBF79F /* LaunchScreen.storyboard */; };
		58075F681F73B7A000CBF79F /* DZNSegmentedControl.m in Sources */ = {isa = PBXBuildFile; fileRef = 58075F661F73B7A000CBF79F /* DZNSegmentedControl.m */; };
		58075F711F73B93400CBF79F /* TabBarController.m in Sources */ = {isa = PBXBuildFile; fileRef = 58075F6F1F73B93400CBF79F /* TabBarController.m */; };
		58075F741F73B94000CBF79F /* BaseViewController.m in Sources */ = {isa = PBXBuildFile; fileRef = 58075F721F73B94000CBF79F /* BaseViewController.m */; };
		58075F7A1F73BA9700CBF79F /* AppSettingViewController.m in Sources */ = {isa = PBXBuildFile; fileRef = 58075F761F73BA9700CBF79F /* AppSettingViewController.m */; };
		58075F7B1F73BA9700CBF79F /* AppHelpViewController.m in Sources */ = {isa = PBXBuildFile; fileRef = 58075F781F73BA9700CBF79F /* AppHelpViewController.m */; };
		58075F821F73BBF800CBF79F /* UIImage+Common.m in Sources */ = {isa = PBXBuildFile; fileRef = 58075F801F73BBF800CBF79F /* UIImage+Common.m */; };
		58075F871F73BCFA00CBF79F /* TableAppSettingCell.m in Sources */ = {isa = PBXBuildFile; fileRef = 58075F861F73BCFA00CBF79F /* TableAppSettingCell.m */; };
		58075F8F1F73BD0200CBF79F /* TableHeaderView.m in Sources */ = {isa = PBXBuildFile; fileRef = 58075F8A1F73BD0200CBF79F /* TableHeaderView.m */; };
		58075F901F73BD0200CBF79F /* BaseCell.m in Sources */ = {isa = PBXBuildFile; fileRef = 58075F8C1F73BD0200CBF79F /* BaseCell.m */; };
		B9928339812BC5ECD01E91A4 /* libPods-inforehte.a in Frameworks */ = {isa = PBXBuildFile; fileRef = C18A8D4069D82EF2B528A373 /* libPods-inforehte.a */; };
/* End PBXBuildFile section */

/* Begin PBXFileReference section */
		49749C53E0DF8057EDF27446 /* Pods-inforehte.debug.xcconfig */ = {isa = PBXFileReference; includeInIndex = 1; lastKnownFileType = text.xcconfig; name = "Pods-inforehte.debug.xcconfig"; path = "Pods/Target Support Files/Pods-inforehte/Pods-inforehte.debug.xcconfig"; sourceTree = "<group>"; };
		58075F4A1F73B53B00CBF79F /* inforehte.app */ = {isa = PBXFileReference; explicitFileType = wrapper.application; includeInIndex = 0; path = inforehte.app; sourceTree = BUILT_PRODUCTS_DIR; };
		58075F4E1F73B53B00CBF79F /* main.m */ = {isa = PBXFileReference; lastKnownFileType = sourcecode.c.objc; path = main.m; sourceTree = "<group>"; };
		58075F501F73B53B00CBF79F /* AppDelegate.h */ = {isa = PBXFileReference; lastKnownFileType = sourcecode.c.h; path = AppDelegate.h; sourceTree = "<group>"; };
		58075F511F73B53B00CBF79F /* AppDelegate.m */ = {isa = PBXFileReference; lastKnownFileType = sourcecode.c.objc; path = AppDelegate.m; sourceTree = "<group>"; };
		58075F531F73B53B00CBF79F /* ViewController.h */ = {isa = PBXFileReference; lastKnownFileType = sourcecode.c.h; path = ViewController.h; sourceTree = "<group>"; };
		58075F541F73B53B00CBF79F /* ViewController.m */ = {isa = PBXFileReference; lastKnownFileType = sourcecode.c.objc; path = ViewController.m; sourceTree = "<group>"; };
		58075F571F73B53B00CBF79F /* Base */ = {isa = PBXFileReference; lastKnownFileType = file.storyboard; name = Base; path = Base.lproj/Main.storyboard; sourceTree = "<group>"; };
		58075F591F73B53B00CBF79F /* Assets.xcassets */ = {isa = PBXFileReference; lastKnownFileType = folder.assetcatalog; path = Assets.xcassets; sourceTree = "<group>"; };
		58075F5C1F73B53B00CBF79F /* Base */ = {isa = PBXFileReference; lastKnownFileType = file.storyboard; name = Base; path = Base.lproj/LaunchScreen.storyboard; sourceTree = "<group>"; };
		58075F5E1F73B53B00CBF79F /* Info.plist */ = {isa = PBXFileReference; lastKnownFileType = text.plist.xml; path = Info.plist; sourceTree = "<group>"; };
		58075F661F73B7A000CBF79F /* DZNSegmentedControl.m */ = {isa = PBXFileReference; fileEncoding = 4; lastKnownFileType = sourcecode.c.objc; name = DZNSegmentedControl.m; path = Vendors/DZNSegmentedControl/DZNSegmentedControl.m; sourceTree = "<group>"; };
		58075F671F73B7A000CBF79F /* DZNSegmentedControl.h */ = {isa = PBXFileReference; fileEncoding = 4; lastKnownFileType = sourcecode.c.h; name = DZNSegmentedControl.h; path = Vendors/DZNSegmentedControl/DZNSegmentedControl.h; sourceTree = "<group>"; };
		58075F6F1F73B93400CBF79F /* TabBarController.m */ = {isa = PBXFileReference; fileEncoding = 4; lastKnownFileType = sourcecode.c.objc; name = TabBarController.m; path = ViewControllers/TabBar/TabBarController.m; sourceTree = "<group>"; };
		58075F701F73B93400CBF79F /* TabBarController.h */ = {isa = PBXFileReference; fileEncoding = 4; lastKnownFileType = sourcecode.c.h; name = TabBarController.h; path = ViewControllers/TabBar/TabBarController.h; sourceTree = "<group>"; };
		58075F721F73B94000CBF79F /* BaseViewController.m */ = {isa = PBXFileReference; fileEncoding = 4; lastKnownFileType = sourcecode.c.objc; name = BaseViewController.m; path = ViewControllers/Base/BaseViewController.m; sourceTree = "<group>"; };
		58075F731F73B94000CBF79F /* BaseViewController.h */ = {isa = PBXFileReference; fileEncoding = 4; lastKnownFileType = sourcecode.c.h; name = BaseViewController.h; path = ViewControllers/Base/BaseViewController.h; sourceTree = "<group>"; };
		58075F761F73BA9700CBF79F /* AppSettingViewController.m */ = {isa = PBXFileReference; fileEncoding = 4; lastKnownFileType = sourcecode.c.objc; name = AppSettingViewController.m; path = ViewControllers/AppSetting/AppSettingViewController.m; sourceTree = "<group>"; };
		58075F771F73BA9700CBF79F /* AppHelpViewController.h */ = {isa = PBXFileReference; fileEncoding = 4; lastKnownFileType = sourcecode.c.h; name = AppHelpViewController.h; path = ViewControllers/AppSetting/AppHelpViewController.h; sourceTree = "<group>"; };
		58075F781F73BA9700CBF79F /* AppHelpViewController.m */ = {isa = PBXFileReference; fileEncoding = 4; lastKnownFileType = sourcecode.c.objc; name = AppHelpViewController.m; path = ViewControllers/AppSetting/AppHelpViewController.m; sourceTree = "<group>"; };
		58075F791F73BA9700CBF79F /* AppSettingViewController.h */ = {isa = PBXFileReference; fileEncoding = 4; lastKnownFileType = sourcecode.c.h; name = AppSettingViewController.h; path = ViewControllers/AppSetting/AppSettingViewController.h; sourceTree = "<group>"; };
		58075F7E1F73BBEF00CBF79F /* Macros.h */ = {isa = PBXFileReference; fileEncoding = 4; lastKnownFileType = sourcecode.c.h; name = Macros.h; path = Common/Headers/Macros.h; sourceTree = "<group>"; };
		58075F7F1F73BBEF00CBF79F /* Constants.h */ = {isa = PBXFileReference; fileEncoding = 4; lastKnownFileType = sourcecode.c.h; name = Constants.h; path = Common/Headers/Constants.h; sourceTree = "<group>"; };
		58075F801F73BBF800CBF79F /* UIImage+Common.m */ = {isa = PBXFileReference; fileEncoding = 4; lastKnownFileType = sourcecode.c.objc; name = "UIImage+Common.m"; path = "Common/Plugin/UIImage+Common.m"; sourceTree = "<group>"; };
		58075F811F73BBF800CBF79F /* UIImage+Common.h */ = {isa = PBXFileReference; fileEncoding = 4; lastKnownFileType = sourcecode.c.h; name = "UIImage+Common.h"; path = "Common/Plugin/UIImage+Common.h"; sourceTree = "<group>"; };
		58075F851F73BCFA00CBF79F /* TableAppSettingCell.h */ = {isa = PBXFileReference; fileEncoding = 4; lastKnownFileType = sourcecode.c.h; name = TableAppSettingCell.h; path = CustomViews/AppSetting/TableAppSettingCell.h; sourceTree = "<group>"; };
		58075F861F73BCFA00CBF79F /* TableAppSettingCell.m */ = {isa = PBXFileReference; fileEncoding = 4; lastKnownFileType = sourcecode.c.objc; name = TableAppSettingCell.m; path = CustomViews/AppSetting/TableAppSettingCell.m; sourceTree = "<group>"; };
		58075F8A1F73BD0200CBF79F /* TableHeaderView.m */ = {isa = PBXFileReference; fileEncoding = 4; lastKnownFileType = sourcecode.c.objc; name = TableHeaderView.m; path = CustomViews/Base/TableHeaderView.m; sourceTree = "<group>"; };
		58075F8B1F73BD0200CBF79F /* TableHeaderView.h */ = {isa = PBXFileReference; fileEncoding = 4; lastKnownFileType = sourcecode.c.h; name = TableHeaderView.h; path = CustomViews/Base/TableHeaderView.h; sourceTree = "<group>"; };
		58075F8C1F73BD0200CBF79F /* BaseCell.m */ = {isa = PBXFileReference; fileEncoding = 4; lastKnownFileType = sourcecode.c.objc; name = BaseCell.m; path = CustomViews/Base/BaseCell.m; sourceTree = "<group>"; };
		58075F8D1F73BD0200CBF79F /* BaseCell.h */ = {isa = PBXFileReference; fileEncoding = 4; lastKnownFileType = sourcecode.c.h; name = BaseCell.h; path = CustomViews/Base/BaseCell.h; sourceTree = "<group>"; };
		58075F911F73BEBC00CBF79F /* inforehte.pch */ = {isa = PBXFileReference; lastKnownFileType = sourcecode.c.h; path = inforehte.pch; sourceTree = "<group>"; };
		615135A9A5E1A475935B914E /* Pods-inforehte.release.xcconfig */ = {isa = PBXFileReference; includeInIndex = 1; lastKnownFileType = text.xcconfig; name = "Pods-inforehte.release.xcconfig"; path = "Pods/Target Support Files/Pods-inforehte/Pods-inforehte.release.xcconfig"; sourceTree = "<group>"; };
		C18A8D4069D82EF2B528A373 /* libPods-inforehte.a */ = {isa = PBXFileReference; explicitFileType = archive.ar; includeInIndex = 0; path = "libPods-inforehte.a"; sourceTree = BUILT_PRODUCTS_DIR; };
/* End PBXFileReference section */

/* Begin PBXFrameworksBuildPhase section */
		58075F471F73B53B00CBF79F /* Frameworks */ = {
			isa = PBXFrameworksBuildPhase;
			buildActionMask = 2147483647;
			files = (
				B9928339812BC5ECD01E91A4 /* libPods-inforehte.a in Frameworks */,
			);
			runOnlyForDeploymentPostprocessing = 0;
		};
/* End PBXFrameworksBuildPhase section */

/* Begin PBXGroup section */
		0F1FF84DA425AF8091476B70 /* Frameworks */ = {
			isa = PBXGroup;
			children = (
				C18A8D4069D82EF2B528A373 /* libPods-inforehte.a */,
			);
			name = Frameworks;
			sourceTree = "<group>";
		};
		11D4AAB1754534AA4335A76D /* Pods */ = {
			isa = PBXGroup;
			children = (
				49749C53E0DF8057EDF27446 /* Pods-inforehte.debug.xcconfig */,
				615135A9A5E1A475935B914E /* Pods-inforehte.release.xcconfig */,
			);
			name = Pods;
			sourceTree = "<group>";
		};
		58075F411F73B53B00CBF79F = {
			isa = PBXGroup;
			children = (
				58075F4C1F73B53B00CBF79F /* inforehte */,
				58075F4B1F73B53B00CBF79F /* Products */,
				11D4AAB1754534AA4335A76D /* Pods */,
				0F1FF84DA425AF8091476B70 /* Frameworks */,
			);
			sourceTree = "<group>";
		};
		58075F4B1F73B53B00CBF79F /* Products */ = {
			isa = PBXGroup;
			children = (
				58075F4A1F73B53B00CBF79F /* inforehte.app */,
			);
			name = Products;
			sourceTree = "<group>";
		};
		58075F4C1F73B53B00CBF79F /* inforehte */ = {
			isa = PBXGroup;
			children = (
				58075F641F73B77C00CBF79F /* Vendors */,
				58075F691F73B7BE00CBF79F /* Models */,
				58075F6A1F73B7FB00CBF79F /* CustomViews */,
				58075F6B1F73B80400CBF79F /* Common */,
				58075F6C1F73B80900CBF79F /* ViewControllers */,
				58075F501F73B53B00CBF79F /* AppDelegate.h */,
				58075F511F73B53B00CBF79F /* AppDelegate.m */,
				58075F531F73B53B00CBF79F /* ViewController.h */,
				58075F541F73B53B00CBF79F /* ViewController.m */,
				58075F561F73B53B00CBF79F /* Main.storyboard */,
				58075F591F73B53B00CBF79F /* Assets.xcassets */,
				58075F5B1F73B53B00CBF79F /* LaunchScreen.storyboard */,
				58075F5E1F73B53B00CBF79F /* Info.plist */,
				58075F4D1F73B53B00CBF79F /* Supporting Files */,
			);
			path = inforehte;
			sourceTree = "<group>";
		};
		58075F4D1F73B53B00CBF79F /* Supporting Files */ = {
			isa = PBXGroup;
			children = (
				58075F4E1F73B53B00CBF79F /* main.m */,
				58075F911F73BEBC00CBF79F /* inforehte.pch */,
			);
			name = "Supporting Files";
			sourceTree = "<group>";
		};
		58075F641F73B77C00CBF79F /* Vendors */ = {
			isa = PBXGroup;
			children = (
				58075F651F73B78B00CBF79F /* DZNSegmentedControl */,
			);
			name = Vendors;
			sourceTree = "<group>";
		};
		58075F651F73B78B00CBF79F /* DZNSegmentedControl */ = {
			isa = PBXGroup;
			children = (
				58075F661F73B7A000CBF79F /* DZNSegmentedControl.m */,
				58075F671F73B7A000CBF79F /* DZNSegmentedControl.h */,
			);
			name = DZNSegmentedControl;
			sourceTree = "<group>";
		};
		58075F691F73B7BE00CBF79F /* Models */ = {
			isa = PBXGroup;
			children = (
			);
			name = Models;
			sourceTree = "<group>";
		};
		58075F6A1F73B7FB00CBF79F /* CustomViews */ = {
			isa = PBXGroup;
			children = (
				58075F841F73BCEC00CBF79F /* AppSetting */,
				58075F831F73BCE800CBF79F /* Base */,
			);
			name = CustomViews;
			sourceTree = "<group>";
		};
		58075F6B1F73B80400CBF79F /* Common */ = {
			isa = PBXGroup;
			children = (
				58075F7C1F73BBA500CBF79F /* Plugin */,
				58075F7D1F73BBAA00CBF79F /* Headers */,
			);
			name = Common;
			sourceTree = "<group>";
		};
		58075F6C1F73B80900CBF79F /* ViewControllers */ = {
			isa = PBXGroup;
			children = (
				58075F751F73BA8A00CBF79F /* AppSetting */,
				58075F6D1F73B88800CBF79F /* Base */,
				58075F6E1F73B88D00CBF79F /* TabBar */,
			);
			name = ViewControllers;
			sourceTree = "<group>";
		};
		58075F6D1F73B88800CBF79F /* Base */ = {
			isa = PBXGroup;
			children = (
				58075F721F73B94000CBF79F /* BaseViewController.m */,
				58075F731F73B94000CBF79F /* BaseViewController.h */,
			);
			name = Base;
			sourceTree = "<group>";
		};
		58075F6E1F73B88D00CBF79F /* TabBar */ = {
			isa = PBXGroup;
			children = (
				58075F6F1F73B93400CBF79F /* TabBarController.m */,
				58075F701F73B93400CBF79F /* TabBarController.h */,
			);
			name = TabBar;
			sourceTree = "<group>";
		};
		58075F751F73BA8A00CBF79F /* AppSetting */ = {
			isa = PBXGroup;
			children = (
				58075F761F73BA9700CBF79F /* AppSettingViewController.m */,
				58075F771F73BA9700CBF79F /* AppHelpViewController.h */,
				58075F781F73BA9700CBF79F /* AppHelpViewController.m */,
				58075F791F73BA9700CBF79F /* AppSettingViewController.h */,
			);
			name = AppSetting;
			sourceTree = "<group>";
		};
		58075F7C1F73BBA500CBF79F /* Plugin */ = {
			isa = PBXGroup;
			children = (
				58075F801F73BBF800CBF79F /* UIImage+Common.m */,
				58075F811F73BBF800CBF79F /* UIImage+Common.h */,
			);
			name = Plugin;
			sourceTree = "<group>";
		};
		58075F7D1F73BBAA00CBF79F /* Headers */ = {
			isa = PBXGroup;
			children = (
				58075F7E1F73BBEF00CBF79F /* Macros.h */,
				58075F7F1F73BBEF00CBF79F /* Constants.h */,
			);
			name = Headers;
			sourceTree = "<group>";
		};
		58075F831F73BCE800CBF79F /* Base */ = {
			isa = PBXGroup;
			children = (
				58075F8A1F73BD0200CBF79F /* TableHeaderView.m */,
				58075F8B1F73BD0200CBF79F /* TableHeaderView.h */,
				58075F8C1F73BD0200CBF79F /* BaseCell.m */,
				58075F8D1F73BD0200CBF79F /* BaseCell.h */,
			);
			name = Base;
			sourceTree = "<group>";
		};
		58075F841F73BCEC00CBF79F /* AppSetting */ = {
			isa = PBXGroup;
			children = (
				58075F851F73BCFA00CBF79F /* TableAppSettingCell.h */,
				58075F861F73BCFA00CBF79F /* TableAppSettingCell.m */,
			);
			name = AppSetting;
			sourceTree = "<group>";
		};
/* End PBXGroup section */

/* Begin PBXNativeTarget section */
		58075F491F73B53B00CBF79F /* inforehte */ = {
			isa = PBXNativeTarget;
			buildConfigurationList = 58075F611F73B53B00CBF79F /* Build configuration list for PBXNativeTarget "inforehte" */;
			buildPhases = (
				69A3CC77C8FA961F547869A6 /* [CP] Check Pods Manifest.lock */,
				58075F461F73B53B00CBF79F /* Sources */,
				58075F471F73B53B00CBF79F /* Frameworks */,
				58075F481F73B53B00CBF79F /* Resources */,
				584DD814C3E771C630F8BD7C /* [CP] Embed Pods Frameworks */,
				771364A179A60B6F5C8E879D /* [CP] Copy Pods Resources */,
			);
			buildRules = (
			);
			dependencies = (
			);
			name = inforehte;
			productName = inforehte;
			productReference = 58075F4A1F73B53B00CBF79F /* inforehte.app */;
			productType = "com.apple.product-type.application";
		};
/* End PBXNativeTarget section */

/* Begin PBXProject section */
		58075F421F73B53B00CBF79F /* Project object */ = {
			isa = PBXProject;
			attributes = {
				LastUpgradeCheck = 0820;
				ORGANIZATIONNAME = HANSHAOWEN;
				TargetAttributes = {
					58075F491F73B53B00CBF79F = {
						CreatedOnToolsVersion = 8.2.1;
						DevelopmentTeam = 887CVK63XR;
						ProvisioningStyle = Automatic;
					};
				};
			};
			buildConfigurationList = 58075F451F73B53B00CBF79F /* Build configuration list for PBXProject "inforehte" */;
			compatibilityVersion = "Xcode 3.2";
			developmentRegion = English;
			hasScannedForEncodings = 0;
			knownRegions = (
				en,
				Base,
			);
			mainGroup = 58075F411F73B53B00CBF79F;
			productRefGroup = 58075F4B1F73B53B00CBF79F /* Products */;
			projectDirPath = "";
			projectRoot = "";
			targets = (
				58075F491F73B53B00CBF79F /* inforehte */,
			);
		};
/* End PBXProject section */

/* Begin PBXResourcesBuildPhase section */
		58075F481F73B53B00CBF79F /* Resources */ = {
			isa = PBXResourcesBuildPhase;
			buildActionMask = 2147483647;
			files = (
				58075F5D1F73B53B00CBF79F /* LaunchScreen.storyboard in Resources */,
				58075F5A1F73B53B00CBF79F /* Assets.xcassets in Resources */,
				58075F581F73B53B00CBF79F /* Main.storyboard in Resources */,
			);
			runOnlyForDeploymentPostprocessing = 0;
		};
/* End PBXResourcesBuildPhase section */

/* Begin PBXShellScriptBuildPhase section */
		584DD814C3E771C630F8BD7C /* [CP] Embed Pods Frameworks */ = {
			isa = PBXShellScriptBuildPhase;
			buildActionMask = 2147483647;
			files = (
			);
			inputPaths = (
			);
			name = "[CP] Embed Pods Frameworks";
			outputPaths = (
			);
			runOnlyForDeploymentPostprocessing = 0;
			shellPath = /bin/sh;
			shellScript = "\"${SRCROOT}/Pods/Target Support Files/Pods-inforehte/Pods-inforehte-frameworks.sh\"\n";
			showEnvVarsInLog = 0;
		};
		69A3CC77C8FA961F547869A6 /* [CP] Check Pods Manifest.lock */ = {
			isa = PBXShellScriptBuildPhase;
			buildActionMask = 2147483647;
			files = (
			);
			inputPaths = (
			);
			name = "[CP] Check Pods Manifest.lock";
			outputPaths = (
			);
			runOnlyForDeploymentPostprocessing = 0;
			shellPath = /bin/sh;
			shellScript = "diff \"${PODS_ROOT}/../Podfile.lock\" \"${PODS_ROOT}/Manifest.lock\" > /dev/null\nif [ $? != 0 ] ; then\n    # print error to STDERR\n    echo \"error: The sandbox is not in sync with the Podfile.lock. Run 'pod install' or update your CocoaPods installation.\" >&2\n    exit 1\nfi\n";
			showEnvVarsInLog = 0;
		};
		771364A179A60B6F5C8E879D /* [CP] Copy Pods Resources */ = {
			isa = PBXShellScriptBuildPhase;
			buildActionMask = 2147483647;
			files = (
			);
			inputPaths = (
			);
			name = "[CP] Copy Pods Resources";
			outputPaths = (
			);
			runOnlyForDeploymentPostprocessing = 0;
			shellPath = /bin/sh;
			shellScript = "\"${SRCROOT}/Pods/Target Support Files/Pods-inforehte/Pods-inforehte-resources.sh\"\n";
			showEnvVarsInLog = 0;
		};
/* End PBXShellScriptBuildPhase section */

/* Begin PBXSourcesBuildPhase section */
		58075F461F73B53B00CBF79F /* Sources */ = {
			isa = PBXSourcesBuildPhase;
			buildActionMask = 2147483647;
			files = (
				58075F551F73B53B00CBF79F /* ViewController.m in Sources */,
				58075F741F73B94000CBF79F /* BaseViewController.m in Sources */,
				58075F681F73B7A000CBF79F /* DZNSegmentedControl.m in Sources */,
				58075F871F73BCFA00CBF79F /* TableAppSettingCell.m in Sources */,
				58075F901F73BD0200CBF79F /* BaseCell.m in Sources */,
				58075F7B1F73BA9700CBF79F /* AppHelpViewController.m in Sources */,
				58075F711F73B93400CBF79F /* TabBarController.m in Sources */,
				58075F521F73B53B00CBF79F /* AppDelegate.m in Sources */,
				58075F8F1F73BD0200CBF79F /* TableHeaderView.m in Sources */,
				58075F7A1F73BA9700CBF79F /* AppSettingViewController.m in Sources */,
				58075F821F73BBF800CBF79F /* UIImage+Common.m in Sources */,
				58075F4F1F73B53B00CBF79F /* main.m in Sources */,
			);
			runOnlyForDeploymentPostprocessing = 0;
		};
/* End PBXSourcesBuildPhase section */

/* Begin PBXVariantGroup section */
		58075F561F73B53B00CBF79F /* Main.storyboard */ = {
			isa = PBXVariantGroup;
			children = (
				58075F571F73B53B00CBF79F /* Base */,
			);
			name = Main.storyboard;
			sourceTree = "<group>";
		};
		58075F5B1F73B53B00CBF79F /* LaunchScreen.storyboard */ = {
			isa = PBXVariantGroup;
			children = (
				58075F5C1F73B53B00CBF79F /* Base */,
			);
			name = LaunchScreen.storyboard;
			sourceTree = "<group>";
		};
/* End PBXVariantGroup section */

/* Begin XCBuildConfiguration section */
		58075F5F1F73B53B00CBF79F /* Debug */ = {
			isa = XCBuildConfiguration;
			buildSettings = {
				ALWAYS_SEARCH_USER_PATHS = NO;
				CLANG_ANALYZER_NONNULL = YES;
				CLANG_CXX_LANGUAGE_STANDARD = "gnu++0x";
				CLANG_CXX_LIBRARY = "libc++";
				CLANG_ENABLE_MODULES = YES;
				CLANG_ENABLE_OBJC_ARC = YES;
				CLANG_WARN_BOOL_CONVERSION = YES;
				CLANG_WARN_CONSTANT_CONVERSION = YES;
				CLANG_WARN_DIRECT_OBJC_ISA_USAGE = YES_ERROR;
				CLANG_WARN_DOCUMENTATION_COMMENTS = YES;
				CLANG_WARN_EMPTY_BODY = YES;
				CLANG_WARN_ENUM_CONVERSION = YES;
				CLANG_WARN_INFINITE_RECURSION = YES;
				CLANG_WARN_INT_CONVERSION = YES;
				CLANG_WARN_OBJC_ROOT_CLASS = YES_ERROR;
				CLANG_WARN_SUSPICIOUS_MOVE = YES;
				CLANG_WARN_UNREACHABLE_CODE = YES;
				CLANG_WARN__DUPLICATE_METHOD_MATCH = YES;
				"CODE_SIGN_IDENTITY[sdk=iphoneos*]" = "iPhone Developer";
				COPY_PHASE_STRIP = NO;
				DEBUG_INFORMATION_FORMAT = dwarf;
				ENABLE_STRICT_OBJC_MSGSEND = YES;
				ENABLE_TESTABILITY = YES;
				GCC_C_LANGUAGE_STANDARD = gnu99;
				GCC_DYNAMIC_NO_PIC = NO;
				GCC_NO_COMMON_BLOCKS = YES;
				GCC_OPTIMIZATION_LEVEL = 0;
				GCC_PREPROCESSOR_DEFINITIONS = (
					"DEBUG=1",
					"$(inherited)",
				);
				GCC_WARN_64_TO_32_BIT_CONVERSION = YES;
				GCC_WARN_ABOUT_RETURN_TYPE = YES_ERROR;
				GCC_WARN_UNDECLARED_SELECTOR = YES;
				GCC_WARN_UNINITIALIZED_AUTOS = YES_AGGRESSIVE;
				GCC_WARN_UNUSED_FUNCTION = YES;
				GCC_WARN_UNUSED_VARIABLE = YES;
				IPHONEOS_DEPLOYMENT_TARGET = 8.0;
				MTL_ENABLE_DEBUG_INFO = YES;
				ONLY_ACTIVE_ARCH = YES;
				SDKROOT = iphoneos;
				TARGETED_DEVICE_FAMILY = "1,2";
			};
			name = Debug;
		};
		58075F601F73B53B00CBF79F /* Release */ = {
			isa = XCBuildConfiguration;
			buildSettings = {
				ALWAYS_SEARCH_USER_PATHS = NO;
				CLANG_ANALYZER_NONNULL = YES;
				CLANG_CXX_LANGUAGE_STANDARD = "gnu++0x";
				CLANG_CXX_LIBRARY = "libc++";
				CLANG_ENABLE_MODULES = YES;
				CLANG_ENABLE_OBJC_ARC = YES;
				CLANG_WARN_BOOL_CONVERSION = YES;
				CLANG_WARN_CONSTANT_CONVERSION = YES;
				CLANG_WARN_DIRECT_OBJC_ISA_USAGE = YES_ERROR;
				CLANG_WARN_DOCUMENTATION_COMMENTS = YES;
				CLANG_WARN_EMPTY_BODY = YES;
				CLANG_WARN_ENUM_CONVERSION = YES;
				CLANG_WARN_INFINITE_RECURSION = YES;
				CLANG_WARN_INT_CONVERSION = YES;
				CLANG_WARN_OBJC_ROOT_CLASS = YES_ERROR;
				CLANG_WARN_SUSPICIOUS_MOVE = YES;
				CLANG_WARN_UNREACHABLE_CODE = YES;
				CLANG_WARN__DUPLICATE_METHOD_MATCH = YES;
				"CODE_SIGN_IDENTITY[sdk=iphoneos*]" = "iPhone Developer";
				COPY_PHASE_STRIP = NO;
				DEBUG_INFORMATION_FORMAT = "dwarf-with-dsym";
				ENABLE_NS_ASSERTIONS = NO;
				ENABLE_STRICT_OBJC_MSGSEND = YES;
				GCC_C_LANGUAGE_STANDARD = gnu99;
				GCC_NO_COMMON_BLOCKS = YES;
				GCC_WARN_64_TO_32_BIT_CONVERSION = YES;
				GCC_WARN_ABOUT_RETURN_TYPE = YES_ERROR;
				GCC_WARN_UNDECLARED_SELECTOR = YES;
				GCC_WARN_UNINITIALIZED_AUTOS = YES_AGGRESSIVE;
				GCC_WARN_UNUSED_FUNCTION = YES;
				GCC_WARN_UNUSED_VARIABLE = YES;
				IPHONEOS_DEPLOYMENT_TARGET = 8.0;
				MTL_ENABLE_DEBUG_INFO = NO;
				SDKROOT = iphoneos;
				TARGETED_DEVICE_FAMILY = "1,2";
				VALIDATE_PRODUCT = YES;
			};
			name = Release;
		};
		58075F621F73B53B00CBF79F /* Debug */ = {
			isa = XCBuildConfiguration;
			baseConfigurationReference = 49749C53E0DF8057EDF27446 /* Pods-inforehte.debug.xcconfig */;
			buildSettings = {
				ASSETCATALOG_COMPILER_APPICON_NAME = AppIcon;
				DEVELOPMENT_TEAM = 887CVK63XR;
				GCC_PRECOMPILE_PREFIX_HEADER = YES;
				GCC_PREFIX_HEADER = inforehte/inforehte.pch;
				INFOPLIST_FILE = inforehte/Info.plist;
				IPHONEOS_DEPLOYMENT_TARGET = 8.0;
				LD_RUNPATH_SEARCH_PATHS = "$(inherited) @executable_path/Frameworks";
				PRODUCT_BUNDLE_IDENTIFIER = cn.mengyoutu.inforehte;
				PRODUCT_NAME = "$(TARGET_NAME)";
			};
			name = Debug;
		};
		58075F631F73B53B00CBF79F /* Release */ = {
			isa = XCBuildConfiguration;
			baseConfigurationReference = 615135A9A5E1A475935B914E /* Pods-inforehte.release.xcconfig */;
			buildSettings = {
				ASSETCATALOG_COMPILER_APPICON_NAME = AppIcon;
				DEVELOPMENT_TEAM = 887CVK63XR;
				GCC_PRECOMPILE_PREFIX_HEADER = YES;
				GCC_PREFIX_HEADER = inforehte/inforehte.pch;
				INFOPLIST_FILE = inforehte/Info.plist;
				IPHONEOS_DEPLOYMENT_TARGET = 8.0;
				LD_RUNPATH_SEARCH_PATHS = "$(inherited) @executable_path/Frameworks";
				PRODUCT_BUNDLE_IDENTIFIER = cn.mengyoutu.inforehte;
				PRODUCT_NAME = "$(TARGET_NAME)";
			};
			name = Release;
		};
/* End XCBuildConfiguration section */

/* Begin XCConfigurationList section */
		58075F451F73B53B00CBF79F /* Build configuration list for PBXProject "inforehte" */ = {
			isa = XCConfigurationList;
			buildConfigurations = (
				58075F5F1F73B53B00CBF79F /* Debug */,
				58075F601F73B53B00CBF79F /* Release */,
			);
			defaultConfigurationIsVisible = 0;
			defaultConfigurationName = Release;
		};
		58075F611F73B53B00CBF79F /* Build configuration list for PBXNativeTarget "inforehte" */ = {
			isa = XCConfigurationList;
			buildConfigurations = (
				58075F621F73B53B00CBF79F /* Debug */,
				58075F631F73B53B00CBF79F /* Release */,
			);
			defaultConfigurationIsVisible = 0;
			defaultConfigurationName = Release;
		};
/* End XCConfigurationList section */
	};
	rootObject = 58075F421F73B53B00CBF79F /* Project object */;
}
